
Microsoft Visual Studio Solution File, Format Version 12.00
# Visual Studio Version 16
VisualStudioVersion = 16.0.30907.101
MinimumVisualStudioVersion = 10.0.40219.1
Project("{FAE04EC0-301F-11D3-BF4B-00C04F79EFBC}") = "MyGameProject", "MyGameProject\MyGameProject.csproj", "{B83CEE61-4C1B-454D-9016-A776A006BBD0}"
EndProject
Global
	GlobalSection(SolutionConfigurationPlatforms) = preSolution
		Debug|Any CPU = Debug|Any CPU
		Release|Any CPU = Release|Any CPU
	EndGlobalSection
	GlobalSection(ProjectConfigurationPlatforms) = postSolution
		{B83CEE61-4C1B-454D-9016-A776A006BBD0}.Debug|Any CPU.ActiveCfg = Debug|Any CPU
		{B83CEE61-4C1B-454D-9016-A776A006BBD0}.Debug|Any CPU.Build.0 = Debug|Any CPU
		{B83CEE61-4C1B-454D-9016-A776A006BBD0}.Release|Any CPU.ActiveCfg = Release|Any CPU
		{B83CEE61-4C1B-454D-9016-A776A006BBD0}.Release|Any CPU.Build.0 = Release|Any CPU
	EndGlobalSection
	GlobalSection(SolutionProperties) = preSolution
		HideSolutionNode = FALSE
	EndGlobalSection
	GlobalSection(ExtensibilityGlobals) = postSolution
		SolutionGuid = {24E1098A-F249-4CA5-816B-AEA1C12687ED}
	EndGlobalSection
EndGlobal
